
Microsoft Visual Studio Solution File, Format Version 11.00
# Visual Studio 2010
Project("{8BC9CEB8-8B4A-11D0-8D11-00A0C91BC942}") = "linear3d", "linear3d\linear3d.vcxproj", "{313D0FC8-6B84-44A8-9840-0B37C88FAB00}"
EndProject
Global
	GlobalSection(SolutionConfigurationPlatforms) = preSolution
		Debug|Win32 = Debug|Win32
		Release|Win32 = Release|Win32
	EndGlobalSection
	GlobalSection(ProjectConfigurationPlatforms) = postSolution
		{313D0FC8-6B84-44A8-9840-0B37C88FAB00}.Debug|Win32.ActiveCfg = Debug|Win32
		{313D0FC8-6B84-44A8-9840-0B37C88FAB00}.Debug|Win32.Build.0 = Debug|Win32
		{313D0FC8-6B84-44A8-9840-0B37C88FAB00}.Release|Win32.ActiveCfg = Release|Win32
		{313D0FC8-6B84-44A8-9840-0B37C88FAB00}.Release|Win32.Build.0 = Release|Win32
	EndGlobalSection
	GlobalSection(SolutionProperties) = preSolution
		HideSolutionNode = FALSE
	EndGlobalSection
EndGlobal
